// !$*UTF8*$!
{
	archiveVersion = 1;
	classes = {
	};
	objectVersion = 50;
	objects = {

/* Begin PBXBuildFile section */
		AA99EE4720A42CD6001B979D /* AppDelegate.swift in Sources */ = {isa = PBXBuildFile; fileRef = AA99EE4620A42CD6001B979D /* AppDelegate.swift */; };
		AA99EE4920A42CD6001B979D /* ViewController.swift in Sources */ = {isa = PBXBuildFile; fileRef = AA99EE4820A42CD6001B979D /* ViewController.swift */; };
		AA99EE4C20A42CD6001B979D /* Main.storyboard in Resources */ = {isa = PBXBuildFile; fileRef = AA99EE4A20A42CD6001B979D /* Main.storyboard */; };
		AA99EE4E20A42CEA001B979D /* Assets.xcassets in Resources */ = {isa = PBXBuildFile; fileRef = AA99EE4D20A42CEA001B979D /* Assets.xcassets */; };
		AA99EE5120A42CEA001B979D /* LaunchScreen.storyboard in Resources */ = {isa = PBXBuildFile; fileRef = AA99EE4F20A42CEA001B979D /* LaunchScreen.storyboard */; };
		AA99EE5C20A42CEC001B979D /* asdasdTests.swift in Sources */ = {isa = PBXBuildFile; fileRef = AA99EE5B20A42CEC001B979D /* asdasdTests.swift */; };
		AA99EE6720A42CEC001B979D /* asdasdUITests.swift in Sources */ = {isa = PBXBuildFile; fileRef = AA99EE6620A42CEC001B979D /* asdasdUITests.swift */; };
/* End PBXBuildFile section */

/* Begin PBXContainerItemProxy section */
		AA99EE5820A42CEB001B979D /* PBXContainerItemProxy */ = {
			isa = PBXContainerItemProxy;
			containerPortal = AA99EE3B20A42CD5001B979D /* Project object */;
			proxyType = 1;
			remoteGlobalIDString = AA99EE4220A42CD6001B979D;
			remoteInfo = asdasd;
		};
		AA99EE6320A42CEC001B979D /* PBXContainerItemProxy */ = {
			isa = PBXContainerItemProxy;
			containerPortal = AA99EE3B20A42CD5001B979D /* Project object */;
			proxyType = 1;
			remoteGlobalIDString = AA99EE4220A42CD6001B979D;
			remoteInfo = asdasd;
		};
/* End PBXContainerItemProxy section */

/* Begin PBXFileReference section */
		AA99EE4320A42CD6001B979D /* asdasd.app */ = {isa = PBXFileReference; explicitFileType = wrapper.application; includeInIndex = 0; path = asdasd.app; sourceTree = BUILT_PRODUCTS_DIR; };
		AA99EE4620A42CD6001B979D /* AppDelegate.swift */ = {isa = PBXFileReference; lastKnownFileType = sourcecode.swift; path = AppDelegate.swift; sourceTree = "<group>"; };
		AA99EE4820A42CD6001B979D /* ViewController.swift */ = {isa = PBXFileReference; lastKnownFileType = sourcecode.swift; path = ViewController.swift; sourceTree = "<group>"; };
		AA99EE4B20A42CD6001B979D /* Base */ = {isa = PBXFileReference; lastKnownFileType = file.storyboard; name = Base; path = Base.lproj/Main.storyboard; sourceTree = "<group>"; };
		AA99EE4D20A42CEA001B979D /* Assets.xcassets */ = {isa = PBXFileReference; lastKnownFileType = folder.assetcatalog; path = Assets.xcassets; sourceTree = "<group>"; };
		AA99EE5020A42CEA001B979D /* Base */ = {isa = PBXFileReference; lastKnownFileType = file.storyboard; name = Base; path = Base.lproj/LaunchScreen.storyboard; sourceTree = "<group>"; };
		AA99EE5220A42CEA001B979D /* Info.plist */ = {isa = PBXFileReference; lastKnownFileType = text.plist.xml; path = Info.plist; sourceTree = "<group>"; };
		AA99EE5720A42CEB001B979D /* asdasdTests.xctest */ = {isa = PBXFileReference; explicitFileType = wrapper.cfbundle; includeInIndex = 0; path = asdasdTests.xctest; sourceTree = BUILT_PRODUCTS_DIR; };
		AA99EE5B20A42CEC001B979D /* asdasdTests.swift */ = {isa = PBXFileReference; lastKnownFileType = sourcecode.swift; path = asdasdTests.swift; sourceTree = "<group>"; };
		AA99EE5D20A42CEC001B979D /* Info.plist */ = {isa = PBXFileReference; lastKnownFileType = text.plist.xml; path = Info.plist; sourceTree = "<group>"; };
		AA99EE6220A42CEC001B979D /* asdasdUITests.xctest */ = {isa = PBXFileReference; explicitFileType = wrapper.cfbundle; includeInIndex = 0; path = asdasdUITests.xctest; sourceTree = BUILT_PRODUCTS_DIR; };
		AA99EE6620A42CEC001B979D /* asdasdUITests.swift */ = {isa = PBXFileReference; lastKnownFileType = sourcecode.swift; path = asdasdUITests.swift; sourceTree = "<group>"; };
		AA99EE6820A42CEC001B979D /* Info.plist */ = {isa = PBXFileReference; lastKnownFileType = text.plist.xml; path = Info.plist; sourceTree = "<group>"; };
/* End PBXFileReference section */

/* Begin PBXFrameworksBuildPhase section */
		AA99EE4020A42CD6001B979D /* Frameworks */ = {
			isa = PBXFrameworksBuildPhase;
			buildActionMask = 2147483647;
			files = (
			);
			runOnlyForDeploymentPostprocessing = 0;
		};
		AA99EE5420A42CEB001B979D /* Frameworks */ = {
			isa = PBXFrameworksBuildPhase;
			buildActionMask = 2147483647;
			files = (
			);
			runOnlyForDeploymentPostprocessing = 0;
		};
		AA99EE5F20A42CEC001B979D /* Frameworks */ = {
			isa = PBXFrameworksBuildPhase;
			buildActionMask = 2147483647;
			files = (
			);
			runOnlyForDeploymentPostprocessing = 0;
		};
/* End PBXFrameworksBuildPhase section */

/* Begin PBXGroup section */
		AA99EE3A20A42CD5001B979D = {
			isa = PBXGroup;
			children = (
				AA99EE4520A42CD6001B979D /* asdasd */,
				AA99EE5A20A42CEC001B979D /* asdasdTests */,
				AA99EE6520A42CEC001B979D /* asdasdUITests */,
				AA99EE4420A42CD6001B979D /* Products */,
			);
			sourceTree = "<group>";
		};
		AA99EE4420A42CD6001B979D /* Products */ = {
			isa = PBXGroup;
			children = (
				AA99EE4320A42CD6001B979D /* asdasd.app */,
				AA99EE5720A42CEB001B979D /* asdasdTests.xctest */,
				AA99EE6220A42CEC001B979D /* asdasdUITests.xctest */,
			);
			name = Products;
			sourceTree = "<group>";
		};
		AA99EE4520A42CD6001B979D /* asdasd */ = {
			isa = PBXGroup;
			children = (
				AA99EE4620A42CD6001B979D /* AppDelegate.swift */,
				AA99EE4820A42CD6001B979D /* ViewController.swift */,
				AA99EE4A20A42CD6001B979D /* Main.storyboard */,
				AA99EE4D20A42CEA001B979D /* Assets.xcassets */,
				AA99EE4F20A42CEA001B979D /* LaunchScreen.storyboard */,
				AA99EE5220A42CEA001B979D /* Info.plist */,
			);
			path = asdasd;
			sourceTree = "<group>";
		};
		AA99EE5A20A42CEC001B979D /* asdasdTests */ = {
			isa = PBXGroup;
			children = (
				AA99EE5B20A42CEC001B979D /* asdasdTests.swift */,
				AA99EE5D20A42CEC001B979D /* Info.plist */,
			);
			path = asdasdTests;
			sourceTree = "<group>";
		};
		AA99EE6520A42CEC001B979D /* asdasdUITests */ = {
			isa = PBXGroup;
			children = (
				AA99EE6620A42CEC001B979D /* asdasdUITests.swift */,
				AA99EE6820A42CEC001B979D /* Info.plist */,
			);
			path = asdasdUITests;
			sourceTree = "<group>";
		};
/* End PBXGroup section */

/* Begin PBXNativeTarget section */
		AA99EE4220A42CD6001B979D /* asdasd */ = {
			isa = PBXNativeTarget;
			buildConfigurationList = AA99EE6B20A42CEC001B979D /* Build configuration list for PBXNativeTarget "asdasd" */;
			buildPhases = (
				AA99EE3F20A42CD6001B979D /* Sources */,
				AA99EE4020A42CD6001B979D /* Frameworks */,
				AA99EE4120A42CD6001B979D /* Resources */,
			);
			buildRules = (
			);
			dependencies = (
			);
			name = asdasd;
			productName = asdasd;
			productReference = AA99EE4320A42CD6001B979D /* asdasd.app */;
			productType = "com.apple.product-type.application";
		};
		AA99EE5620A42CEB001B979D /* asdasdTests */ = {
			isa = PBXNativeTarget;
			buildConfigurationList = AA99EE6E20A42CEC001B979D /* Build configuration list for PBXNativeTarget "asdasdTests" */;
			buildPhases = (
				AA99EE5320A42CEB001B979D /* Sources */,
				AA99EE5420A42CEB001B979D /* Frameworks */,
				AA99EE5520A42CEB001B979D /* Resources */,
			);
			buildRules = (
			);
			dependencies = (
				AA99EE5920A42CEB001B979D /* PBXTargetDependency */,
			);
			name = asdasdTests;
			productName = asdasdTests;
			productReference = AA99EE5720A42CEB001B979D /* asdasdTests.xctest */;
			productType = "com.apple.product-type.bundle.unit-test";
		};
		AA99EE6120A42CEC001B979D /* asdasdUITests */ = {
			isa = PBXNativeTarget;
			buildConfigurationList = AA99EE7120A42CEC001B979D /* Build configuration list for PBXNativeTarget "asdasdUITests" */;
			buildPhases = (
				AA99EE5E20A42CEC001B979D /* Sources */,
				AA99EE5F20A42CEC001B979D /* Frameworks */,
				AA99EE6020A42CEC001B979D /* Resources */,
			);
			buildRules = (
			);
			dependencies = (
				AA99EE6420A42CEC001B979D /* PBXTargetDependency */,
			);
			name = asdasdUITests;
			productName = asdasdUITests;
			productReference = AA99EE6220A42CEC001B979D /* asdasdUITests.xctest */;
			productType = "com.apple.product-type.bundle.ui-testing";
		};
/* End PBXNativeTarget section */

/* Begin PBXProject section */
		AA99EE3B20A42CD5001B979D /* Project object */ = {
			isa = PBXProject;
			attributes = {
				LastSwiftUpdateCheck = 0930;
				LastUpgradeCheck = 0930;
				ORGANIZATIONNAME = "Tuan SPK";
				TargetAttributes = {
					AA99EE4220A42CD6001B979D = {
						CreatedOnToolsVersion = 9.3;
					};
					AA99EE5620A42CEB001B979D = {
						CreatedOnToolsVersion = 9.3;
						TestTargetID = AA99EE4220A42CD6001B979D;
					};
					AA99EE6120A42CEC001B979D = {
						CreatedOnToolsVersion = 9.3;
						TestTargetID = AA99EE4220A42CD6001B979D;
					};
				};
			};
			buildConfigurationList = AA99EE3E20A42CD5001B979D /* Build configuration list for PBXProject "asdasd" */;
			compatibilityVersion = "Xcode 9.3";
			developmentRegion = en;
			hasScannedForEncodings = 0;
			knownRegions = (
				en,
				Base,
			);
			mainGroup = AA99EE3A20A42CD5001B979D;
			productRefGroup = AA99EE4420A42CD6001B979D /* Products */;
			projectDirPath = "";
			projectRoot = "";
			targets = (
				AA99EE4220A42CD6001B979D /* asdasd */,
				AA99EE5620A42CEB001B979D /* asdasdTests */,
				AA99EE6120A42CEC001B979D /* asdasdUITests */,
			);
		};
/* End PBXProject section */

/* Begin PBXResourcesBuildPhase section */
		AA99EE4120A42CD6001B979D /* Resources */ = {
			isa = PBXResourcesBuildPhase;
			buildActionMask = 2147483647;
			files = (
				AA99EE5120A42CEA001B979D /* LaunchScreen.storyboard in Resources */,
				AA99EE4E20A42CEA001B979D /* Assets.xcassets in Resources */,
				AA99EE4C20A42CD6001B979D /* Main.storyboard in Resources */,
			);
			runOnlyForDeploymentPostprocessing = 0;
		};
		AA99EE5520A42CEB001B979D /* Resources */ = {
			isa = PBXResourcesBuildPhase;
			buildActionMask = 2147483647;
			files = (
			);
			runOnlyForDeploymentPostprocessing = 0;
		};
		AA99EE6020A42CEC001B979D /* Resources */ = {
			isa = PBXResourcesBuildPhase;
			buildActionMask = 2147483647;
			files = (
			);
			runOnlyForDeploymentPostprocessing = 0;
		};
/* End PBXResourcesBuildPhase section */

/* Begin PBXSourcesBuildPhase section */
		AA99EE3F20A42CD6001B979D /* Sources */ = {
			isa = PBXSourcesBuildPhase;
			buildActionMask = 2147483647;
			files = (
				AA99EE4920A42CD6001B979D /* ViewController.swift in Sources */,
				AA99EE4720A42CD6001B979D /* AppDelegate.swift in Sources */,
			);
			runOnlyForDeploymentPostprocessing = 0;
		};
		AA99EE5320A42CEB001B979D /* Sources */ = {
			isa = PBXSourcesBuildPhase;
			buildActionMask = 2147483647;
			files = (
				AA99EE5C20A42CEC001B979D /* asdasdTests.swift in Sources */,
			);
			runOnlyForDeploymentPostprocessing = 0;
		};
		AA99EE5E20A42CEC001B979D /* Sources */ = {
			isa = PBXSourcesBuildPhase;
			buildActionMask = 2147483647;
			files = (
				AA99EE6720A42CEC001B979D /* asdasdUITests.swift in Sources */,
			);
			runOnlyForDeploymentPostprocessing = 0;
		};
/* End PBXSourcesBuildPhase section */

/* Begin PBXTargetDependency section */
		AA99EE5920A42CEB001B979D /* PBXTargetDependency */ = {
			isa = PBXTargetDependency;
			target = AA99EE4220A42CD6001B979D /* asdasd */;
			targetProxy = AA99EE5820A42CEB001B979D /* PBXContainerItemProxy */;
		};
		AA99EE6420A42CEC001B979D /* PBXTargetDependency */ = {
			isa = PBXTargetDependency;
			target = AA99EE4220A42CD6001B979D /* asdasd */;
			targetProxy = AA99EE6320A42CEC001B979D /* PBXContainerItemProxy */;
		};
/* End PBXTargetDependency section */

/* Begin PBXVariantGroup section */
		AA99EE4A20A42CD6001B979D /* Main.storyboard */ = {
			isa = PBXVariantGroup;
			children = (
				AA99EE4B20A42CD6001B979D /* Base */,
			);
			name = Main.storyboard;
			sourceTree = "<group>";
		};
		AA99EE4F20A42CEA001B979D /* LaunchScreen.storyboard */ = {
			isa = PBXVariantGroup;
			children = (
				AA99EE5020A42CEA001B979D /* Base */,
			);
			name = LaunchScreen.storyboard;
			sourceTree = "<group>";
		};
/* End PBXVariantGroup section */

/* Begin XCBuildConfiguration section */
		AA99EE6920A42CEC001B979D /* Debug */ = {
			isa = XCBuildConfiguration;
			buildSettings = {
				ALWAYS_SEARCH_USER_PATHS = NO;
				CLANG_ANALYZER_NONNULL = YES;
				CLANG_ANALYZER_NUMBER_OBJECT_CONVERSION = YES_AGGRESSIVE;
				CLANG_CXX_LANGUAGE_STANDARD = "gnu++14";
				CLANG_CXX_LIBRARY = "libc++";
				CLANG_ENABLE_MODULES = YES;
				CLANG_ENABLE_OBJC_ARC = YES;
				CLANG_ENABLE_OBJC_WEAK = YES;
				CLANG_WARN_BLOCK_CAPTURE_AUTORELEASING = YES;
				CLANG_WARN_BOOL_CONVERSION = YES;
				CLANG_WARN_COMMA = YES;
				CLANG_WARN_CONSTANT_CONVERSION = YES;
				CLANG_WARN_DEPRECATED_OBJC_IMPLEMENTATIONS = YES;
				CLANG_WARN_DIRECT_OBJC_ISA_USAGE = YES_ERROR;
				CLANG_WARN_DOCUMENTATION_COMMENTS = YES;
				CLANG_WARN_EMPTY_BODY = YES;
				CLANG_WARN_ENUM_CONVERSION = YES;
				CLANG_WARN_INFINITE_RECURSION = YES;
				CLANG_WARN_INT_CONVERSION = YES;
				CLANG_WARN_NON_LITERAL_NULL_CONVERSION = YES;
				CLANG_WARN_OBJC_IMPLICIT_RETAIN_SELF = YES;
				CLANG_WARN_OBJC_LITERAL_CONVERSION = YES;
				CLANG_WARN_OBJC_ROOT_CLASS = YES_ERROR;
				CLANG_WARN_RANGE_LOOP_ANALYSIS = YES;
				CLANG_WARN_STRICT_PROTOTYPES = YES;
				CLANG_WARN_SUSPICIOUS_MOVE = YES;
				CLANG_WARN_UNGUARDED_AVAILABILITY = YES_AGGRESSIVE;
				CLANG_WARN_UNREACHABLE_CODE = YES;
				CLANG_WARN__DUPLICATE_METHOD_MATCH = YES;
				CODE_SIGN_IDENTITY = "iPhone Developer";
				COPY_PHASE_STRIP = NO;
				DEBUG_INFORMATION_FORMAT = dwarf;
				ENABLE_STRICT_OBJC_MSGSEND = YES;
				ENABLE_TESTABILITY = YES;
				GCC_C_LANGUAGE_STANDARD = gnu11;
				GCC_DYNAMIC_NO_PIC = NO;
				GCC_NO_COMMON_BLOCKS = YES;
				GCC_OPTIMIZATION_LEVEL = 0;
				GCC_PREPROCESSOR_DEFINITIONS = (
					"DEBUG=1",
					"$(inherited)",
				);
				GCC_WARN_64_TO_32_BIT_CONVERSION = YES;
				GCC_WARN_ABOUT_RETURN_TYPE = YES_ERROR;
				GCC_WARN_UNDECLARED_SELECTOR = YES;
				GCC_WARN_UNINITIALIZED_AUTOS = YES_AGGRESSIVE;
				GCC_WARN_UNUSED_FUNCTION = YES;
				GCC_WARN_UNUSED_VARIABLE = YES;
				IPHONEOS_DEPLOYMENT_TARGET = 11.3;
				MTL_ENABLE_DEBUG_INFO = YES;
				ONLY_ACTIVE_ARCH = YES;
				SDKROOT = iphoneos;
				SWIFT_ACTIVE_COMPILATION_CONDITIONS = DEBUG;
				SWIFT_OPTIMIZATION_LEVEL = "-Onone";
			};
			name = Debug;
		};
		AA99EE6A20A42CEC001B979D /* Release */ = {
			isa = XCBuildConfiguration;
			buildSettings = {
				ALWAYS_SEARCH_USER_PATHS = NO;
				CLANG_ANALYZER_NONNULL = YES;
				CLANG_ANALYZER_NUMBER_OBJECT_CONVERSION = YES_AGGRESSIVE;
				CLANG_CXX_LANGUAGE_STANDARD = "gnu++14";
				CLANG_CXX_LIBRARY = "libc++";
				CLANG_ENABLE_MODULES = YES;
				CLANG_ENABLE_OBJC_ARC = YES;
				CLANG_ENABLE_OBJC_WEAK = YES;
				CLANG_WARN_BLOCK_CAPTURE_AUTORELEASING = YES;
				CLANG_WARN_BOOL_CONVERSION = YES;
				CLANG_WARN_COMMA = YES;
				CLANG_WARN_CONSTANT_CONVERSION = YES;
				CLANG_WARN_DEPRECATED_OBJC_IMPLEMENTATIONS = YES;
				CLANG_WARN_DIRECT_OBJC_ISA_USAGE = YES_ERROR;
				CLANG_WARN_DOCUMENTATION_COMMENTS = YES;
				CLANG_WARN_EMPTY_BODY = YES;
				CLANG_WARN_ENUM_CONVERSION = YES;
				CLANG_WARN_INFINITE_RECURSION = YES;
				CLANG_WARN_INT_CONVERSION = YES;
				CLANG_WARN_NON_LITERAL_NULL_CONVERSION = YES;
				CLANG_WARN_OBJC_IMPLICIT_RETAIN_SELF = YES;
				CLANG_WARN_OBJC_LITERAL_CONVERSION = YES;
				CLANG_WARN_OBJC_ROOT_CLASS = YES_ERROR;
				CLANG_WARN_RANGE_LOOP_ANALYSIS = YES;
				CLANG_WARN_STRICT_PROTOTYPES = YES;
				CLANG_WARN_SUSPICIOUS_MOVE = YES;
				CLANG_WARN_UNGUARDED_AVAILABILITY = YES_AGGRESSIVE;
				CLANG_WARN_UNREACHABLE_CODE = YES;
				CLANG_WARN__DUPLICATE_METHOD_MATCH = YES;
				CODE_SIGN_IDENTITY = "iPhone Developer";
				COPY_PHASE_STRIP = NO;
				DEBUG_INFORMATION_FORMAT = "dwarf-with-dsym";
				ENABLE_NS_ASSERTIONS = NO;
				ENABLE_STRICT_OBJC_MSGSEND = YES;
				GCC_C_LANGUAGE_STANDARD = gnu11;
				GCC_NO_COMMON_BLOCKS = YES;
				GCC_WARN_64_TO_32_BIT_CONVERSION = YES;
				GCC_WARN_ABOUT_RETURN_TYPE = YES_ERROR;
				GCC_WARN_UNDECLARED_SELECTOR = YES;
				GCC_WARN_UNINITIALIZED_AUTOS = YES_AGGRESSIVE;
				GCC_WARN_UNUSED_FUNCTION = YES;
				GCC_WARN_UNUSED_VARIABLE = YES;
				IPHONEOS_DEPLOYMENT_TARGET = 11.3;
				MTL_ENABLE_DEBUG_INFO = NO;
				SDKROOT = iphoneos;
				SWIFT_COMPILATION_MODE = wholemodule;
				SWIFT_OPTIMIZATION_LEVEL = "-O";
				VALIDATE_PRODUCT = YES;
			};
			name = Release;
		};
		AA99EE6C20A42CEC001B979D /* Debug */ = {
			isa = XCBuildConfiguration;
			buildSettings = {
				ASSETCATALOG_COMPILER_APPICON_NAME = AppIcon;
				CODE_SIGN_STYLE = Automatic;
				INFOPLIST_FILE = asdasd/Info.plist;
				IPHONEOS_DEPLOYMENT_TARGET = 10.3;
				LD_RUNPATH_SEARCH_PATHS = (
					"$(inherited)",
					"@executable_path/Frameworks",
				);
				PRODUCT_BUNDLE_IDENTIFIER = tuanspk.asdasd;
				PRODUCT_NAME = "$(TARGET_NAME)";
				SWIFT_VERSION = 3.0;
				TARGETED_DEVICE_FAMILY = "1,2";
			};
			name = Debug;
		};
		AA99EE6D20A42CEC001B979D /* Release */ = {
			isa = XCBuildConfiguration;
			buildSettings = {
				ASSETCATALOG_COMPILER_APPICON_NAME = AppIcon;
				CODE_SIGN_STYLE = Automatic;
				INFOPLIST_FILE = asdasd/Info.plist;
				IPHONEOS_DEPLOYMENT_TARGET = 10.3;
				LD_RUNPATH_SEARCH_PATHS = (
					"$(inherited)",
					"@executable_path/Frameworks",
				);
				PRODUCT_BUNDLE_IDENTIFIER = tuanspk.asdasd;
				PRODUCT_NAME = "$(TARGET_NAME)";
				SWIFT_VERSION = 3.0;
				TARGETED_DEVICE_FAMILY = "1,2";
			};
			name = Release;
		};
		AA99EE6F20A42CEC001B979D /* Debug */ = {
			isa = XCBuildConfiguration;
			buildSettings = {
				ALWAYS_EMBED_SWIFT_STANDARD_LIBRARIES = YES;
				BUNDLE_LOADER = "$(TEST_HOST)";
				CODE_SIGN_STYLE = Automatic;
				INFOPLIST_FILE = asdasdTests/Info.plist;
				LD_RUNPATH_SEARCH_PATHS = (
					"$(inherited)",
					"@executable_path/Frameworks",
					"@loader_path/Frameworks",
				);
				PRODUCT_BUNDLE_IDENTIFIER = tuanspk.asdasdTests;
				PRODUCT_NAME = "$(TARGET_NAME)";
				SWIFT_VERSION = 4.0;
				TARGETED_DEVICE_FAMILY = "1,2";
				TEST_HOST = "$(BUILT_PRODUCTS_DIR)/asdasd.app/asdasd";
			};
			name = Debug;
		};
		AA99EE7020A42CEC001B979D /* Release */ = {
			isa = XCBuildConfiguration;
			buildSettings = {
				ALWAYS_EMBED_SWIFT_STANDARD_LIBRARIES = YES;
				BUNDLE_LOADER = "$(TEST_HOST)";
				CODE_SIGN_STYLE = Automatic;
				INFOPLIST_FILE = asdasdTests/Info.plist;
				LD_RUNPATH_SEARCH_PATHS = (
					"$(inherited)",
					"@executable_path/Frameworks",
					"@loader_path/Frameworks",
				);
				PRODUCT_BUNDLE_IDENTIFIER = tuanspk.asdasdTests;
				PRODUCT_NAME = "$(TARGET_NAME)";
				SWIFT_VERSION = 4.0;
				TARGETED_DEVICE_FAMILY = "1,2";
				TEST_HOST = "$(BUILT_PRODUCTS_DIR)/asdasd.app/asdasd";
			};
			name = Release;
		};
		AA99EE7220A42CEC001B979D /* Debug */ = {
			isa = XCBuildConfiguration;
			buildSettings = {
				ALWAYS_EMBED_SWIFT_STANDARD_LIBRARIES = YES;
				CODE_SIGN_STYLE = Automatic;
				INFOPLIST_FILE = asdasdUITests/Info.plist;
				LD_RUNPATH_SEARCH_PATHS = (
					"$(inherited)",
					"@executable_path/Frameworks",
					"@loader_path/Frameworks",
				);
				PRODUCT_BUNDLE_IDENTIFIER = tuanspk.asdasdUITests;
				PRODUCT_NAME = "$(TARGET_NAME)";
				SWIFT_VERSION = 4.0;
				TARGETED_DEVICE_FAMILY = "1,2";
				TEST_TARGET_NAME = asdasd;
			};
			name = Debug;
		};
		AA99EE7320A42CEC001B979D /* Release */ = {
			isa = XCBuildConfiguration;
			buildSettings = {
				ALWAYS_EMBED_SWIFT_STANDARD_LIBRARIES = YES;
				CODE_SIGN_STYLE = Automatic;
				INFOPLIST_FILE = asdasdUITests/Info.plist;
				LD_RUNPATH_SEARCH_PATHS = (
					"$(inherited)",
					"@executable_path/Frameworks",
					"@loader_path/Frameworks",
				);
				PRODUCT_BUNDLE_IDENTIFIER = tuanspk.asdasdUITests;
				PRODUCT_NAME = "$(TARGET_NAME)";
				SWIFT_VERSION = 4.0;
				TARGETED_DEVICE_FAMILY = "1,2";
				TEST_TARGET_NAME = asdasd;
			};
			name = Release;
		};
/* End XCBuildConfiguration section */

/* Begin XCConfigurationList section */
		AA99EE3E20A42CD5001B979D /* Build configuration list for PBXProject "asdasd" */ = {
			isa = XCConfigurationList;
			buildConfigurations = (
				AA99EE6920A42CEC001B979D /* Debug */,
				AA99EE6A20A42CEC001B979D /* Release */,
			);
			defaultConfigurationIsVisible = 0;
			defaultConfigurationName = Release;
		};
		AA99EE6B20A42CEC001B979D /* Build configuration list for PBXNativeTarget "asdasd" */ = {
			isa = XCConfigurationList;
			buildConfigurations = (
				AA99EE6C20A42CEC001B979D /* Debug */,
				AA99EE6D20A42CEC001B979D /* Release */,
			);
			defaultConfigurationIsVisible = 0;
			defaultConfigurationName = Release;
		};
		AA99EE6E20A42CEC001B979D /* Build configuration list for PBXNativeTarget "asdasdTests" */ = {
			isa = XCConfigurationList;
			buildConfigurations = (
				AA99EE6F20A42CEC001B979D /* Debug */,
				AA99EE7020A42CEC001B979D /* Release */,
			);
			defaultConfigurationIsVisible = 0;
			defaultConfigurationName = Release;
		};
		AA99EE7120A42CEC001B979D /* Build configuration list for PBXNativeTarget "asdasdUITests" */ = {
			isa = XCConfigurationList;
			buildConfigurations = (
				AA99EE7220A42CEC001B979D /* Debug */,
				AA99EE7320A42CEC001B979D /* Release */,
			);
			defaultConfigurationIsVisible = 0;
			defaultConfigurationName = Release;
		};
/* End XCConfigurationList section */
	};
	rootObject = AA99EE3B20A42CD5001B979D /* Project object */;
}
